dependencies:
  espressif/button:
    component_hash: fccb18c37f1cfe0797b74a53a44d3f400f5fd01f4993b40052dfb7f401915089
    dependencies:
    - name: espressif/cmake_utilities
      registry_url: https://components.espressif.com
      require: private
      version: '*'
    - name: idf
      require: private
      version: '>=4.0'
    source:
      registry_url: https://components.espressif.com/
      type: service
    version: 4.1.5
  espressif/cmake_utilities:
    component_hash: 05165f30922b422b4b90c08845e6d449329b97370fbd06309803d8cb539d79e3
    dependencies:
    - name: idf
      require: private
      version: '>=4.1'
    source:
      registry_url: https://components.espressif.com
      type: service
    version: 1.1.1
  idf:
    source:
      type: idf
    version: 5.5.0
direct_dependencies:
- espressif/button
- idf
manifest_hash: a16175f45dbd1b1557b8d1986f9df8ea2a0c08b7ab80669815f19395a2aa6037
target: esp32s3
version: 2.0.0
